
Microsoft Visual Studio Solution File, Format Version 12.00
# Visual Studio Version 16
VisualStudioVersion = 16.0.29613.14
MinimumVisualStudioVersion = 10.0.40219.1
Project("{8BC9CEB8-8B4A-11D0-8D11-00A0C91BC942}") = "ConsoleApplication1", "ConsoleApplication1\ConsoleApplication1.vcxproj", "{D5BB0DE8-758B-4DDE-9190-CAE9B2E1AFEC}"
EndProject
Global
	GlobalSection(SolutionConfigurationPlatforms) = preSolution
		Debug|x64 = Debug|x64
		Debug|x86 = Debug|x86
		Release|x64 = Release|x64
		Release|x86 = Release|x86
	EndGlobalSection
	GlobalSection(ProjectConfigurationPlatforms) = postSolution
		{D5BB0DE8-758B-4DDE-9190-CAE9B2E1AFEC}.Debug|x64.ActiveCfg = Debug|x64
		{D5BB0DE8-758B-4DDE-9190-CAE9B2E1AFEC}.Debug|x64.Build.0 = Debug|x64
		{D5BB0DE8-758B-4DDE-9190-CAE9B2E1AFEC}.Debug|x86.ActiveCfg = Debug|Win32
		{D5BB0DE8-758B-4DDE-9190-CAE9B2E1AFEC}.Debug|x86.Build.0 = Debug|Win32
		{D5BB0DE8-758B-4DDE-9190-CAE9B2E1AFEC}.Release|x64.ActiveCfg = Release|x64
		{D5BB0DE8-758B-4DDE-9190-CAE9B2E1AFEC}.Release|x64.Build.0 = Release|x64
		{D5BB0DE8-758B-4DDE-9190-CAE9B2E1AFEC}.Release|x86.ActiveCfg = Release|Win32
		{D5BB0DE8-758B-4DDE-9190-CAE9B2E1AFEC}.Release|x86.Build.0 = Release|Win32
	EndGlobalSection
	GlobalSection(SolutionProperties) = preSolution
		HideSolutionNode = FALSE
	EndGlobalSection
	GlobalSection(ExtensibilityGlobals) = postSolution
		SolutionGuid = {E8C3C976-0421-42C5-91A2-40B56D9E1DF3}
	EndGlobalSection
EndGlobal
